
Microsoft Visual Studio Solution File, Format Version 11.00
# Visual Studio 2010
Project("{FAE04EC0-301F-11D3-BF4B-00C04F79EFBC}") = "Assembly-CSharp", "Assembly-CSharp.csproj", "{7BDA09FE-8F7E-B5C4-4118-B19304F27170}"
EndProject
Project("{FAE04EC0-301F-11D3-BF4B-00C04F79EFBC}") = "Assembly-CSharp-Editor", "Assembly-CSharp-Editor.csproj", "{438179B6-A2F7-6149-AADC-0C6D8FE93E09}"
EndProject
Global
	GlobalSection(SolutionConfigurationPlatforms) = preSolution
		Debug|Any CPU = Debug|Any CPU
		Release|Any CPU = Release|Any CPU
	EndGlobalSection
	GlobalSection(ProjectConfigurationPlatforms) = postSolution
		{7BDA09FE-8F7E-B5C4-4118-B19304F27170}.Debug|Any CPU.ActiveCfg = Debug|Any CPU
		{7BDA09FE-8F7E-B5C4-4118-B19304F27170}.Debug|Any CPU.Build.0 = Debug|Any CPU
		{7BDA09FE-8F7E-B5C4-4118-B19304F27170}.Release|Any CPU.ActiveCfg = Release|Any CPU
		{7BDA09FE-8F7E-B5C4-4118-B19304F27170}.Release|Any CPU.Build.0 = Release|Any CPU
		{438179B6-A2F7-6149-AADC-0C6D8FE93E09}.Debug|Any CPU.ActiveCfg = Debug|Any CPU
		{438179B6-A2F7-6149-AADC-0C6D8FE93E09}.Debug|Any CPU.Build.0 = Debug|Any CPU
		{438179B6-A2F7-6149-AADC-0C6D8FE93E09}.Release|Any CPU.ActiveCfg = Release|Any CPU
		{438179B6-A2F7-6149-AADC-0C6D8FE93E09}.Release|Any CPU.Build.0 = Release|Any CPU
	EndGlobalSection
	GlobalSection(SolutionProperties) = preSolution
		HideSolutionNode = FALSE
	EndGlobalSection
EndGlobal
